{
  "name": "npmtest",
  "version": "1.0.0",
  "lockfileVersion": 2,
  "requires": true,
  "packages": {
    "": {
      "name": "npmtest",
      "version": "1.0.0",
      "license": "Apache-2.0",
      "dependencies": {
        "@step-security/malware-simulator": "^0.0.3"
      },
      "devDependencies": {}
    },
    "node_modules/@step-security/malware-simulator": {
      "version": "0.0.3",
      "resolved": "https://registry.npmjs.org/@step-security/malware-simulator/-/malware-simulator-0.0.3.tgz",
      "integrity": "sha512-ZDNBkeIQxyMnb12Tx6LIxPT9ZMFu8kBiPba7nF9FUThnlb/hrmr3RPg24M0vvuq21LD375F3lhjjZ5oQp4/dMQ==",
      "hasInstallScript": true
    }
  },
  "dependencies": {
    "@step-security/malware-simulator": {
      "version": "0.0.3",
      "resolved": "https://registry.npmjs.org/@step-security/malware-simulator/-/malware-simulator-0.0.3.tgz",
      "integrity": "sha512-ZDNBkeIQxyMnb12Tx6LIxPT9ZMFu8kBiPba7nF9FUThnlb/hrmr3RPg24M0vvuq21LD375F3lhjjZ5oQp4/dMQ=="
    }
  }
}
